
Microsoft Visual Studio Solution File, Format Version 12.00
# Visual Studio Version 17
VisualStudioVersion = 17.0.31903.59
MinimumVisualStudioVersion = 10.0.40219.1
Project("{2150E333-8FDC-42A3-9474-1A3956D46DE8}") = "src", "src", "{EEEAE35B-DC72-481C-B905-C225A739DD67}"
EndProject
Project("{FAE04EC0-301F-11D3-BF4B-00C04F79EFBC}") = "QwestRooms.DAL", "src\QwestRooms.DAL\QwestRooms.DAL.csproj", "{24617A76-612F-46D0-8294-3A001B17187D}"
EndProject
Project("{FAE04EC0-301F-11D3-BF4B-00C04F79EFBC}") = "QwestRooms.BLL", "src\QwestRooms.BLL\QwestRooms.BLL.csproj", "{150F0DA7-94EB-4C3B-B14F-A3AAFBDFDE6D}"
EndProject
Project("{FAE04EC0-301F-11D3-BF4B-00C04F79EFBC}") = "QwestRooms.UI", "src\QwestRooms.UI\QwestRooms.UI.csproj", "{7CA79EFE-9399-4C95-9995-FD3D8C31E07F}"
EndProject
Project("{2150E333-8FDC-42A3-9474-1A3956D46DE8}") = "tests", "tests", "{71396291-6BA8-4833-A4E3-85871C563E10}"
EndProject
Project("{FAE04EC0-301F-11D3-BF4B-00C04F79EFBC}") = "QwestRooms.Tests", "tests\QwestRooms.Tests\QwestRooms.Tests.csproj", "{9C54D883-1FF6-4255-AD62-5EBA989E7DB9}"
EndProject
Global
	GlobalSection(SolutionConfigurationPlatforms) = preSolution
		Debug|Any CPU = Debug|Any CPU
		Release|Any CPU = Release|Any CPU
	EndGlobalSection
	GlobalSection(SolutionProperties) = preSolution
		HideSolutionNode = FALSE
	EndGlobalSection
	GlobalSection(ProjectConfigurationPlatforms) = postSolution
		{24617A76-612F-46D0-8294-3A001B17187D}.Debug|Any CPU.ActiveCfg = Debug|Any CPU
		{24617A76-612F-46D0-8294-3A001B17187D}.Debug|Any CPU.Build.0 = Debug|Any CPU
		{24617A76-612F-46D0-8294-3A001B17187D}.Release|Any CPU.ActiveCfg = Release|Any CPU
		{24617A76-612F-46D0-8294-3A001B17187D}.Release|Any CPU.Build.0 = Release|Any CPU
		{150F0DA7-94EB-4C3B-B14F-A3AAFBDFDE6D}.Debug|Any CPU.ActiveCfg = Debug|Any CPU
		{150F0DA7-94EB-4C3B-B14F-A3AAFBDFDE6D}.Debug|Any CPU.Build.0 = Debug|Any CPU
		{150F0DA7-94EB-4C3B-B14F-A3AAFBDFDE6D}.Release|Any CPU.ActiveCfg = Release|Any CPU
		{150F0DA7-94EB-4C3B-B14F-A3AAFBDFDE6D}.Release|Any CPU.Build.0 = Release|Any CPU
		{7CA79EFE-9399-4C95-9995-FD3D8C31E07F}.Debug|Any CPU.ActiveCfg = Debug|Any CPU
		{7CA79EFE-9399-4C95-9995-FD3D8C31E07F}.Debug|Any CPU.Build.0 = Debug|Any CPU
		{7CA79EFE-9399-4C95-9995-FD3D8C31E07F}.Release|Any CPU.ActiveCfg = Release|Any CPU
		{7CA79EFE-9399-4C95-9995-FD3D8C31E07F}.Release|Any CPU.Build.0 = Release|Any CPU
		{9C54D883-1FF6-4255-AD62-5EBA989E7DB9}.Debug|Any CPU.ActiveCfg = Debug|Any CPU
		{9C54D883-1FF6-4255-AD62-5EBA989E7DB9}.Debug|Any CPU.Build.0 = Debug|Any CPU
		{9C54D883-1FF6-4255-AD62-5EBA989E7DB9}.Release|Any CPU.ActiveCfg = Release|Any CPU
		{9C54D883-1FF6-4255-AD62-5EBA989E7DB9}.Release|Any CPU.Build.0 = Release|Any CPU
	EndGlobalSection
	GlobalSection(NestedProjects) = preSolution
		{24617A76-612F-46D0-8294-3A001B17187D} = {EEEAE35B-DC72-481C-B905-C225A739DD67}
		{150F0DA7-94EB-4C3B-B14F-A3AAFBDFDE6D} = {EEEAE35B-DC72-481C-B905-C225A739DD67}
		{7CA79EFE-9399-4C95-9995-FD3D8C31E07F} = {EEEAE35B-DC72-481C-B905-C225A739DD67}
		{9C54D883-1FF6-4255-AD62-5EBA989E7DB9} = {71396291-6BA8-4833-A4E3-85871C563E10}
	EndGlobalSection
EndGlobal
