
Microsoft Visual Studio Solution File, Format Version 12.00
# Visual Studio 15
VisualStudioVersion = 15.0.28307.705
MinimumVisualStudioVersion = 10.0.40219.1
Project("{FAE04EC0-301F-11D3-BF4B-00C04F79EFBC}") = "QwestRooms.DAL", "QwestRooms.DAL\QwestRooms.DAL.csproj", "{C936227A-3ADE-452F-9EBB-DCA8A7431E74}"
EndProject
Project("{FAE04EC0-301F-11D3-BF4B-00C04F79EFBC}") = "QwestRoom.BLL", "QwestRoom.BLL\QwestRoom.BLL.csproj", "{118332A1-A7A6-4716-BC7B-F5AA4E1DD761}"
EndProject
Project("{FAE04EC0-301F-11D3-BF4B-00C04F79EFBC}") = "QwestRooms.UI", "QwestRooms.UI\QwestRooms.UI.csproj", "{CEF747FD-6319-44F1-9448-B58BEC4A02F4}"
EndProject
Global
	GlobalSection(SolutionConfigurationPlatforms) = preSolution
		Debug|Any CPU = Debug|Any CPU
		Release|Any CPU = Release|Any CPU
	EndGlobalSection
	GlobalSection(ProjectConfigurationPlatforms) = postSolution
		{C936227A-3ADE-452F-9EBB-DCA8A7431E74}.Debug|Any CPU.ActiveCfg = Debug|Any CPU
		{C936227A-3ADE-452F-9EBB-DCA8A7431E74}.Debug|Any CPU.Build.0 = Debug|Any CPU
		{C936227A-3ADE-452F-9EBB-DCA8A7431E74}.Release|Any CPU.ActiveCfg = Release|Any CPU
		{C936227A-3ADE-452F-9EBB-DCA8A7431E74}.Release|Any CPU.Build.0 = Release|Any CPU
		{118332A1-A7A6-4716-BC7B-F5AA4E1DD761}.Debug|Any CPU.ActiveCfg = Debug|Any CPU
		{118332A1-A7A6-4716-BC7B-F5AA4E1DD761}.Debug|Any CPU.Build.0 = Debug|Any CPU
		{118332A1-A7A6-4716-BC7B-F5AA4E1DD761}.Release|Any CPU.ActiveCfg = Release|Any CPU
		{118332A1-A7A6-4716-BC7B-F5AA4E1DD761}.Release|Any CPU.Build.0 = Release|Any CPU
		{CEF747FD-6319-44F1-9448-B58BEC4A02F4}.Debug|Any CPU.ActiveCfg = Debug|Any CPU
		{CEF747FD-6319-44F1-9448-B58BEC4A02F4}.Debug|Any CPU.Build.0 = Debug|Any CPU
		{CEF747FD-6319-44F1-9448-B58BEC4A02F4}.Release|Any CPU.ActiveCfg = Release|Any CPU
		{CEF747FD-6319-44F1-9448-B58BEC4A02F4}.Release|Any CPU.Build.0 = Release|Any CPU
	EndGlobalSection
	GlobalSection(SolutionProperties) = preSolution
		HideSolutionNode = FALSE
	EndGlobalSection
	GlobalSection(ExtensibilityGlobals) = postSolution
		SolutionGuid = {50763388-5CF4-4538-90AB-869E15A80CBC}
	EndGlobalSection
EndGlobal
